
Microsoft Visual Studio Solution File, Format Version 12.00
# Visual Studio Version 17
VisualStudioVersion = 17.4.33213.308
MinimumVisualStudioVersion = 10.0.40219.1
Project("{9A19103F-16F7-4668-BE54-9A1E7A4F7556}") = "WebApiFilm", "WebApiFilm\WebApiFilm.csproj", "{E7FB81C8-1FF2-4991-9EC5-CC268B2D4573}"
EndProject
Project("{FAE04EC0-301F-11D3-BF4B-00C04F79EFBC}") = "WebApiFilmTests", "WebApiFilmTests\WebApiFilmTests.csproj", "{86205EC1-29F0-437F-87B6-9852CFF11607}"
EndProject
Global
	GlobalSection(SolutionConfigurationPlatforms) = preSolution
		Debug|Any CPU = Debug|Any CPU
		Release|Any CPU = Release|Any CPU
	EndGlobalSection
	GlobalSection(ProjectConfigurationPlatforms) = postSolution
		{E7FB81C8-1FF2-4991-9EC5-CC268B2D4573}.Debug|Any CPU.ActiveCfg = Debug|Any CPU
		{E7FB81C8-1FF2-4991-9EC5-CC268B2D4573}.Debug|Any CPU.Build.0 = Debug|Any CPU
		{E7FB81C8-1FF2-4991-9EC5-CC268B2D4573}.Release|Any CPU.ActiveCfg = Release|Any CPU
		{E7FB81C8-1FF2-4991-9EC5-CC268B2D4573}.Release|Any CPU.Build.0 = Release|Any CPU
		{86205EC1-29F0-437F-87B6-9852CFF11607}.Debug|Any CPU.ActiveCfg = Debug|Any CPU
		{86205EC1-29F0-437F-87B6-9852CFF11607}.Debug|Any CPU.Build.0 = Debug|Any CPU
		{86205EC1-29F0-437F-87B6-9852CFF11607}.Release|Any CPU.ActiveCfg = Release|Any CPU
		{86205EC1-29F0-437F-87B6-9852CFF11607}.Release|Any CPU.Build.0 = Release|Any CPU
	EndGlobalSection
	GlobalSection(SolutionProperties) = preSolution
		HideSolutionNode = FALSE
	EndGlobalSection
	GlobalSection(ExtensibilityGlobals) = postSolution
		SolutionGuid = {DD3CF6B3-87A4-4713-BB00-F947705879C3}
	EndGlobalSection
EndGlobal
